// !$*UTF8*$!
{
	archiveVersion = 1;
	classes = {
	};
	objectVersion = 50;
	objects = {

/* Begin PBXBuildFile section */
		23D64080259D182C0044513A /* AppDelegate.swift in Sources */ = {isa = PBXBuildFile; fileRef = 23D6407F259D182C0044513A /* AppDelegate.swift */; };
		23D64082259D182C0044513A /* SceneDelegate.swift in Sources */ = {isa = PBXBuildFile; fileRef = 23D64081259D182C0044513A /* SceneDelegate.swift */; };
		23D64084259D182C0044513A /* ViewController.swift in Sources */ = {isa = PBXBuildFile; fileRef = 23D64083259D182C0044513A /* ViewController.swift */; };
		23D64087259D182C0044513A /* Main.storyboard in Resources */ = {isa = PBXBuildFile; fileRef = 23D64085259D182C0044513A /* Main.storyboard */; };
		23D64089259D182F0044513A /* Assets.xcassets in Resources */ = {isa = PBXBuildFile; fileRef = 23D64088259D182F0044513A /* Assets.xcassets */; };
		23D6408C259D182F0044513A /* LaunchScreen.storyboard in Resources */ = {isa = PBXBuildFile; fileRef = 23D6408A259D182F0044513A /* LaunchScreen.storyboard */; };
		23D64097259D24AF0044513A /* FancyButton.swift in Sources */ = {isa = PBXBuildFile; fileRef = 23D64096259D24AF0044513A /* FancyButton.swift */; };
		23D6409A259D2BCB0044513A /* TableViewController.swift in Sources */ = {isa = PBXBuildFile; fileRef = 23D64099259D2BCB0044513A /* TableViewController.swift */; };
		23D6409D259D2BD70044513A /* CollectionViewController.swift in Sources */ = {isa = PBXBuildFile; fileRef = 23D6409C259D2BD70044513A /* CollectionViewController.swift */; };
/* End PBXBuildFile section */

/* Begin PBXFileReference section */
		23D6407C259D182C0044513A /* InfiniteScrollDemo.app */ = {isa = PBXFileReference; explicitFileType = wrapper.application; includeInIndex = 0; path = InfiniteScrollDemo.app; sourceTree = BUILT_PRODUCTS_DIR; };
		23D6407F259D182C0044513A /* AppDelegate.swift */ = {isa = PBXFileReference; lastKnownFileType = sourcecode.swift; path = AppDelegate.swift; sourceTree = "<group>"; };
		23D64081259D182C0044513A /* SceneDelegate.swift */ = {isa = PBXFileReference; lastKnownFileType = sourcecode.swift; path = SceneDelegate.swift; sourceTree = "<group>"; };
		23D64083259D182C0044513A /* ViewController.swift */ = {isa = PBXFileReference; lastKnownFileType = sourcecode.swift; path = ViewController.swift; sourceTree = "<group>"; };
		23D64086259D182C0044513A /* Base */ = {isa = PBXFileReference; lastKnownFileType = file.storyboard; name = Base; path = Base.lproj/Main.storyboard; sourceTree = "<group>"; };
		23D64088259D182F0044513A /* Assets.xcassets */ = {isa = PBXFileReference; lastKnownFileType = folder.assetcatalog; path = Assets.xcassets; sourceTree = "<group>"; };
		23D6408B259D182F0044513A /* Base */ = {isa = PBXFileReference; lastKnownFileType = file.storyboard; name = Base; path = Base.lproj/LaunchScreen.storyboard; sourceTree = "<group>"; };
		23D6408D259D182F0044513A /* Info.plist */ = {isa = PBXFileReference; lastKnownFileType = text.plist.xml; path = Info.plist; sourceTree = "<group>"; };
		23D64096259D24AF0044513A /* FancyButton.swift */ = {isa = PBXFileReference; lastKnownFileType = sourcecode.swift; path = FancyButton.swift; sourceTree = "<group>"; };
		23D64099259D2BCB0044513A /* TableViewController.swift */ = {isa = PBXFileReference; lastKnownFileType = sourcecode.swift; path = TableViewController.swift; sourceTree = "<group>"; };
		23D6409C259D2BD70044513A /* CollectionViewController.swift */ = {isa = PBXFileReference; lastKnownFileType = sourcecode.swift; path = CollectionViewController.swift; sourceTree = "<group>"; };
/* End PBXFileReference section */

/* Begin PBXFrameworksBuildPhase section */
		23D64079259D182C0044513A /* Frameworks */ = {
			isa = PBXFrameworksBuildPhase;
			buildActionMask = 2147483647;
			files = (
			);
			runOnlyForDeploymentPostprocessing = 0;
		};
/* End PBXFrameworksBuildPhase section */

/* Begin PBXGroup section */
		23D64073259D182C0044513A = {
			isa = PBXGroup;
			children = (
				23D6407E259D182C0044513A /* InfiniteScrollDemo */,
				23D6407D259D182C0044513A /* Products */,
			);
			sourceTree = "<group>";
		};
		23D6407D259D182C0044513A /* Products */ = {
			isa = PBXGroup;
			children = (
				23D6407C259D182C0044513A /* InfiniteScrollDemo.app */,
			);
			name = Products;
			sourceTree = "<group>";
		};
		23D6407E259D182C0044513A /* InfiniteScrollDemo */ = {
			isa = PBXGroup;
			children = (
				23D6407F259D182C0044513A /* AppDelegate.swift */,
				23D64081259D182C0044513A /* SceneDelegate.swift */,
				23D64083259D182C0044513A /* ViewController.swift */,
				23D64096259D24AF0044513A /* FancyButton.swift */,
				23D64099259D2BCB0044513A /* TableViewController.swift */,
				23D6409C259D2BD70044513A /* CollectionViewController.swift */,
				23D64085259D182C0044513A /* Main.storyboard */,
				23D64088259D182F0044513A /* Assets.xcassets */,
				23D6408A259D182F0044513A /* LaunchScreen.storyboard */,
				23D6408D259D182F0044513A /* Info.plist */,
			);
			path = InfiniteScrollDemo;
			sourceTree = "<group>";
		};
/* End PBXGroup section */

/* Begin PBXNativeTarget section */
		23D6407B259D182C0044513A /* InfiniteScrollDemo */ = {
			isa = PBXNativeTarget;
			buildConfigurationList = 23D64090259D182F0044513A /* Build configuration list for PBXNativeTarget "InfiniteScrollDemo" */;
			buildPhases = (
				23D64078259D182C0044513A /* Sources */,
				23D64079259D182C0044513A /* Frameworks */,
				23D6407A259D182C0044513A /* Resources */,
			);
			buildRules = (
			);
			dependencies = (
			);
			name = InfiniteScrollDemo;
			productName = InfiniteScrollDemo;
			productReference = 23D6407C259D182C0044513A /* InfiniteScrollDemo.app */;
			productType = "com.apple.product-type.application";
		};
/* End PBXNativeTarget section */

/* Begin PBXProject section */
		23D64074259D182C0044513A /* Project object */ = {
			isa = PBXProject;
			attributes = {
				LastSwiftUpdateCheck = 1230;
				LastUpgradeCheck = 1230;
				TargetAttributes = {
					23D6407B259D182C0044513A = {
						CreatedOnToolsVersion = 12.3;
					};
				};
			};
			buildConfigurationList = 23D64077259D182C0044513A /* Build configuration list for PBXProject "InfiniteScrollDemo" */;
			compatibilityVersion = "Xcode 9.3";
			developmentRegion = en;
			hasScannedForEncodings = 0;
			knownRegions = (
				en,
				Base,
			);
			mainGroup = 23D64073259D182C0044513A;
			productRefGroup = 23D6407D259D182C0044513A /* Products */;
			projectDirPath = "";
			projectRoot = "";
			targets = (
				23D6407B259D182C0044513A /* InfiniteScrollDemo */,
			);
		};
/* End PBXProject section */

/* Begin PBXResourcesBuildPhase section */
		23D6407A259D182C0044513A /* Resources */ = {
			isa = PBXResourcesBuildPhase;
			buildActionMask = 2147483647;
			files = (
				23D6408C259D182F0044513A /* LaunchScreen.storyboard in Resources */,
				23D64089259D182F0044513A /* Assets.xcassets in Resources */,
				23D64087259D182C0044513A /* Main.storyboard in Resources */,
			);
			runOnlyForDeploymentPostprocessing = 0;
		};
/* End PBXResourcesBuildPhase section */

/* Begin PBXSourcesBuildPhase section */
		23D64078259D182C0044513A /* Sources */ = {
			isa = PBXSourcesBuildPhase;
			buildActionMask = 2147483647;
			files = (
				23D6409D259D2BD70044513A /* CollectionViewController.swift in Sources */,
				23D64084259D182C0044513A /* ViewController.swift in Sources */,
				23D64097259D24AF0044513A /* FancyButton.swift in Sources */,
				23D64080259D182C0044513A /* AppDelegate.swift in Sources */,
				23D6409A259D2BCB0044513A /* TableViewController.swift in Sources */,
				23D64082259D182C0044513A /* SceneDelegate.swift in Sources */,
			);
			runOnlyForDeploymentPostprocessing = 0;
		};
/* End PBXSourcesBuildPhase section */

/* Begin PBXVariantGroup section */
		23D64085259D182C0044513A /* Main.storyboard */ = {
			isa = PBXVariantGroup;
			children = (
				23D64086259D182C0044513A /* Base */,
			);
			name = Main.storyboard;
			sourceTree = "<group>";
		};
		23D6408A259D182F0044513A /* LaunchScreen.storyboard */ = {
			isa = PBXVariantGroup;
			children = (
				23D6408B259D182F0044513A /* Base */,
			);
			name = LaunchScreen.storyboard;
			sourceTree = "<group>";
		};
/* End PBXVariantGroup section */

/* Begin XCBuildConfiguration section */
		23D6408E259D182F0044513A /* Debug */ = {
			isa = XCBuildConfiguration;
			buildSettings = {
				ALWAYS_SEARCH_USER_PATHS = NO;
				CLANG_ANALYZER_NONNULL = YES;
				CLANG_ANALYZER_NUMBER_OBJECT_CONVERSION = YES_AGGRESSIVE;
				CLANG_CXX_LANGUAGE_STANDARD = "gnu++14";
				CLANG_CXX_LIBRARY = "libc++";
				CLANG_ENABLE_MODULES = YES;
				CLANG_ENABLE_OBJC_ARC = YES;
				CLANG_ENABLE_OBJC_WEAK = YES;
				CLANG_WARN_BLOCK_CAPTURE_AUTORELEASING = YES;
				CLANG_WARN_BOOL_CONVERSION = YES;
				CLANG_WARN_COMMA = YES;
				CLANG_WARN_CONSTANT_CONVERSION = YES;
				CLANG_WARN_DEPRECATED_OBJC_IMPLEMENTATIONS = YES;
				CLANG_WARN_DIRECT_OBJC_ISA_USAGE = YES_ERROR;
				CLANG_WARN_DOCUMENTATION_COMMENTS = YES;
				CLANG_WARN_EMPTY_BODY = YES;
				CLANG_WARN_ENUM_CONVERSION = YES;
				CLANG_WARN_INFINITE_RECURSION = YES;
				CLANG_WARN_INT_CONVERSION = YES;
				CLANG_WARN_NON_LITERAL_NULL_CONVERSION = YES;
				CLANG_WARN_OBJC_IMPLICIT_RETAIN_SELF = YES;
				CLANG_WARN_OBJC_LITERAL_CONVERSION = YES;
				CLANG_WARN_OBJC_ROOT_CLASS = YES_ERROR;
				CLANG_WARN_QUOTED_INCLUDE_IN_FRAMEWORK_HEADER = YES;
				CLANG_WARN_RANGE_LOOP_ANALYSIS = YES;
				CLANG_WARN_STRICT_PROTOTYPES = YES;
				CLANG_WARN_SUSPICIOUS_MOVE = YES;
				CLANG_WARN_UNGUARDED_AVAILABILITY = YES_AGGRESSIVE;
				CLANG_WARN_UNREACHABLE_CODE = YES;
				CLANG_WARN__DUPLICATE_METHOD_MATCH = YES;
				COPY_PHASE_STRIP = NO;
				DEBUG_INFORMATION_FORMAT = dwarf;
				ENABLE_STRICT_OBJC_MSGSEND = YES;
				ENABLE_TESTABILITY = YES;
				GCC_C_LANGUAGE_STANDARD = gnu11;
				GCC_DYNAMIC_NO_PIC = NO;
				GCC_NO_COMMON_BLOCKS = YES;
				GCC_OPTIMIZATION_LEVEL = 0;
				GCC_PREPROCESSOR_DEFINITIONS = (
					"DEBUG=1",
					"$(inherited)",
				);
				GCC_WARN_64_TO_32_BIT_CONVERSION = YES;
				GCC_WARN_ABOUT_RETURN_TYPE = YES_ERROR;
				GCC_WARN_UNDECLARED_SELECTOR = YES;
				GCC_WARN_UNINITIALIZED_AUTOS = YES_AGGRESSIVE;
				GCC_WARN_UNUSED_FUNCTION = YES;
				GCC_WARN_UNUSED_VARIABLE = YES;
				IPHONEOS_DEPLOYMENT_TARGET = 13.0;
				MTL_ENABLE_DEBUG_INFO = INCLUDE_SOURCE;
				MTL_FAST_MATH = YES;
				ONLY_ACTIVE_ARCH = YES;
				SDKROOT = iphoneos;
				SWIFT_ACTIVE_COMPILATION_CONDITIONS = DEBUG;
				SWIFT_OPTIMIZATION_LEVEL = "-Onone";
			};
			name = Debug;
		};
		23D6408F259D182F0044513A /* Release */ = {
			isa = XCBuildConfiguration;
			buildSettings = {
				ALWAYS_SEARCH_USER_PATHS = NO;
				CLANG_ANALYZER_NONNULL = YES;
				CLANG_ANALYZER_NUMBER_OBJECT_CONVERSION = YES_AGGRESSIVE;
				CLANG_CXX_LANGUAGE_STANDARD = "gnu++14";
				CLANG_CXX_LIBRARY = "libc++";
				CLANG_ENABLE_MODULES = YES;
				CLANG_ENABLE_OBJC_ARC = YES;
				CLANG_ENABLE_OBJC_WEAK = YES;
				CLANG_WARN_BLOCK_CAPTURE_AUTORELEASING = YES;
				CLANG_WARN_BOOL_CONVERSION = YES;
				CLANG_WARN_COMMA = YES;
				CLANG_WARN_CONSTANT_CONVERSION = YES;
				CLANG_WARN_DEPRECATED_OBJC_IMPLEMENTATIONS = YES;
				CLANG_WARN_DIRECT_OBJC_ISA_USAGE = YES_ERROR;
				CLANG_WARN_DOCUMENTATION_COMMENTS = YES;
				CLANG_WARN_EMPTY_BODY = YES;
				CLANG_WARN_ENUM_CONVERSION = YES;
				CLANG_WARN_INFINITE_RECURSION = YES;
				CLANG_WARN_INT_CONVERSION = YES;
				CLANG_WARN_NON_LITERAL_NULL_CONVERSION = YES;
				CLANG_WARN_OBJC_IMPLICIT_RETAIN_SELF = YES;
				CLANG_WARN_OBJC_LITERAL_CONVERSION = YES;
				CLANG_WARN_OBJC_ROOT_CLASS = YES_ERROR;
				CLANG_WARN_QUOTED_INCLUDE_IN_FRAMEWORK_HEADER = YES;
				CLANG_WARN_RANGE_LOOP_ANALYSIS = YES;
				CLANG_WARN_STRICT_PROTOTYPES = YES;
				CLANG_WARN_SUSPICIOUS_MOVE = YES;
				CLANG_WARN_UNGUARDED_AVAILABILITY = YES_AGGRESSIVE;
				CLANG_WARN_UNREACHABLE_CODE = YES;
				CLANG_WARN__DUPLICATE_METHOD_MATCH = YES;
				COPY_PHASE_STRIP = NO;
				DEBUG_INFORMATION_FORMAT = "dwarf-with-dsym";
				ENABLE_NS_ASSERTIONS = NO;
				ENABLE_STRICT_OBJC_MSGSEND = YES;
				GCC_C_LANGUAGE_STANDARD = gnu11;
				GCC_NO_COMMON_BLOCKS = YES;
				GCC_WARN_64_TO_32_BIT_CONVERSION = YES;
				GCC_WARN_ABOUT_RETURN_TYPE = YES_ERROR;
				GCC_WARN_UNDECLARED_SELECTOR = YES;
				GCC_WARN_UNINITIALIZED_AUTOS = YES_AGGRESSIVE;
				GCC_WARN_UNUSED_FUNCTION = YES;
				GCC_WARN_UNUSED_VARIABLE = YES;
				IPHONEOS_DEPLOYMENT_TARGET = 13.0;
				MTL_ENABLE_DEBUG_INFO = NO;
				MTL_FAST_MATH = YES;
				SDKROOT = iphoneos;
				SWIFT_COMPILATION_MODE = wholemodule;
				SWIFT_OPTIMIZATION_LEVEL = "-O";
				VALIDATE_PRODUCT = YES;
			};
			name = Release;
		};
		23D64091259D182F0044513A /* Debug */ = {
			isa = XCBuildConfiguration;
			buildSettings = {
				ASSETCATALOG_COMPILER_APPICON_NAME = AppIcon;
				ASSETCATALOG_COMPILER_GLOBAL_ACCENT_COLOR_NAME = AccentColor;
				CODE_SIGN_STYLE = Automatic;
				DEVELOPMENT_TEAM = RYK6GDE7V9;
				INFOPLIST_FILE = InfiniteScrollDemo/Info.plist;
				LD_RUNPATH_SEARCH_PATHS = (
					"$(inherited)",
					"@executable_path/Frameworks",
				);
				PRODUCT_BUNDLE_IDENTIFIER = com.smallworld.InfiniteScrollDemo;
				PRODUCT_NAME = "$(TARGET_NAME)";
				SWIFT_VERSION = 5.0;
				TARGETED_DEVICE_FAMILY = "1,2";
			};
			name = Debug;
		};
		23D64092259D182F0044513A /* Release */ = {
			isa = XCBuildConfiguration;
			buildSettings = {
				ASSETCATALOG_COMPILER_APPICON_NAME = AppIcon;
				ASSETCATALOG_COMPILER_GLOBAL_ACCENT_COLOR_NAME = AccentColor;
				CODE_SIGN_STYLE = Automatic;
				DEVELOPMENT_TEAM = RYK6GDE7V9;
				INFOPLIST_FILE = InfiniteScrollDemo/Info.plist;
				LD_RUNPATH_SEARCH_PATHS = (
					"$(inherited)",
					"@executable_path/Frameworks",
				);
				PRODUCT_BUNDLE_IDENTIFIER = com.smallworld.InfiniteScrollDemo;
				PRODUCT_NAME = "$(TARGET_NAME)";
				SWIFT_VERSION = 5.0;
				TARGETED_DEVICE_FAMILY = "1,2";
			};
			name = Release;
		};
/* End XCBuildConfiguration section */

/* Begin XCConfigurationList section */
		23D64077259D182C0044513A /* Build configuration list for PBXProject "InfiniteScrollDemo" */ = {
			isa = XCConfigurationList;
			buildConfigurations = (
				23D6408E259D182F0044513A /* Debug */,
				23D6408F259D182F0044513A /* Release */,
			);
			defaultConfigurationIsVisible = 0;
			defaultConfigurationName = Release;
		};
		23D64090259D182F0044513A /* Build configuration list for PBXNativeTarget "InfiniteScrollDemo" */ = {
			isa = XCConfigurationList;
			buildConfigurations = (
				23D64091259D182F0044513A /* Debug */,
				23D64092259D182F0044513A /* Release */,
			);
			defaultConfigurationIsVisible = 0;
			defaultConfigurationName = Release;
		};
/* End XCConfigurationList section */
	};
	rootObject = 23D64074259D182C0044513A /* Project object */;
}
